
Microsoft Visual Studio Solution File, Format Version 12.00
# Visual Studio Version 17
VisualStudioVersion = 17.3.32901.215
MinimumVisualStudioVersion = 10.0.40219.1
Project("{FAE04EC0-301F-11D3-BF4B-00C04F79EFBC}") = "ByteBank_", "ByteBank_\ByteBank_.csproj", "{B6F25207-6337-4FCC-941B-C59F126C9484}"
EndProject
Global
	GlobalSection(SolutionConfigurationPlatforms) = preSolution
		Debug|Any CPU = Debug|Any CPU
		Release|Any CPU = Release|Any CPU
	EndGlobalSection
	GlobalSection(ProjectConfigurationPlatforms) = postSolution
		{B6F25207-6337-4FCC-941B-C59F126C9484}.Debug|Any CPU.ActiveCfg = Debug|Any CPU
		{B6F25207-6337-4FCC-941B-C59F126C9484}.Debug|Any CPU.Build.0 = Debug|Any CPU
		{B6F25207-6337-4FCC-941B-C59F126C9484}.Release|Any CPU.ActiveCfg = Release|Any CPU
		{B6F25207-6337-4FCC-941B-C59F126C9484}.Release|Any CPU.Build.0 = Release|Any CPU
	EndGlobalSection
	GlobalSection(SolutionProperties) = preSolution
		HideSolutionNode = FALSE
	EndGlobalSection
	GlobalSection(ExtensibilityGlobals) = postSolution
		SolutionGuid = {F8D4FFE4-8DBB-43B9-B1E2-972C6D8D8557}
	EndGlobalSection
EndGlobal
